
Microsoft Visual Studio Solution File, Format Version 12.00
# Visual Studio Version 16
VisualStudioVersion = 16.0.29613.14
MinimumVisualStudioVersion = 10.0.40219.1
Project("{FAE04EC0-301F-11D3-BF4B-00C04F79EFBC}") = "tarsalgo", "tarsalgo\tarsalgo.csproj", "{7D603535-7E4E-4016-9705-F8990D8E51F8}"
EndProject
Global
	GlobalSection(SolutionConfigurationPlatforms) = preSolution
		Debug|Any CPU = Debug|Any CPU
		Release|Any CPU = Release|Any CPU
	EndGlobalSection
	GlobalSection(ProjectConfigurationPlatforms) = postSolution
		{7D603535-7E4E-4016-9705-F8990D8E51F8}.Debug|Any CPU.ActiveCfg = Debug|Any CPU
		{7D603535-7E4E-4016-9705-F8990D8E51F8}.Debug|Any CPU.Build.0 = Debug|Any CPU
		{7D603535-7E4E-4016-9705-F8990D8E51F8}.Release|Any CPU.ActiveCfg = Release|Any CPU
		{7D603535-7E4E-4016-9705-F8990D8E51F8}.Release|Any CPU.Build.0 = Release|Any CPU
	EndGlobalSection
	GlobalSection(SolutionProperties) = preSolution
		HideSolutionNode = FALSE
	EndGlobalSection
	GlobalSection(ExtensibilityGlobals) = postSolution
		SolutionGuid = {3B08B099-CEF2-4BCB-905E-080B16E74947}
	EndGlobalSection
EndGlobal
